
Microsoft Visual Studio Solution File, Format Version 12.00
# Visual Studio Version 16
VisualStudioVersion = 16.0.32413.511
MinimumVisualStudioVersion = 10.0.40219.1
Project("{FAE04EC0-301F-11D3-BF4B-00C04F79EFBC}") = "ba", "ba\ba.csproj", "{6F441831-456E-409A-B5AB-22909ADE1F9C}"
EndProject
Project("{FAE04EC0-301F-11D3-BF4B-00C04F79EFBC}") = "Models", "Models\Models.csproj", "{F8194977-8F04-4507-AE4A-572C87879258}"
EndProject
Global
	GlobalSection(SolutionConfigurationPlatforms) = preSolution
		Debug|Any CPU = Debug|Any CPU
		Release|Any CPU = Release|Any CPU
	EndGlobalSection
	GlobalSection(ProjectConfigurationPlatforms) = postSolution
		{6F441831-456E-409A-B5AB-22909ADE1F9C}.Debug|Any CPU.ActiveCfg = Debug|Any CPU
		{6F441831-456E-409A-B5AB-22909ADE1F9C}.Debug|Any CPU.Build.0 = Debug|Any CPU
		{6F441831-456E-409A-B5AB-22909ADE1F9C}.Release|Any CPU.ActiveCfg = Release|Any CPU
		{6F441831-456E-409A-B5AB-22909ADE1F9C}.Release|Any CPU.Build.0 = Release|Any CPU
		{F8194977-8F04-4507-AE4A-572C87879258}.Debug|Any CPU.ActiveCfg = Debug|Any CPU
		{F8194977-8F04-4507-AE4A-572C87879258}.Debug|Any CPU.Build.0 = Debug|Any CPU
		{F8194977-8F04-4507-AE4A-572C87879258}.Release|Any CPU.ActiveCfg = Release|Any CPU
		{F8194977-8F04-4507-AE4A-572C87879258}.Release|Any CPU.Build.0 = Release|Any CPU
	EndGlobalSection
	GlobalSection(SolutionProperties) = preSolution
		HideSolutionNode = FALSE
	EndGlobalSection
	GlobalSection(ExtensibilityGlobals) = postSolution
		SolutionGuid = {719267B2-F735-446A-926E-0425222E3F20}
	EndGlobalSection
EndGlobal
